{
    "_readme": [
        "This file locks the dependencies of your project to a known state",
        "Read more about it at https://getcomposer.org/doc/01-basic-usage.md#installing-dependencies",
        "This file is @generated automatically"
    ],
    "content-hash": "ffcecfbcf5b057bbb86b5c7f18ce80c5",
    "packages": [
        {
            "name": "robthree/twofactorauth",
            "version": "v2.0.0",
            "source": {
                "type": "git",
                "url": "https://github.com/RobThree/TwoFactorAuth.git",
                "reference": "27cd1e1392d19f178398e892f59062003c8998a4"
            },
            "dist": {
                "type": "zip",
                "url": "https://api.github.com/repos/RobThree/TwoFactorAuth/zipball/27cd1e1392d19f178398e892f59062003c8998a4",
                "reference": "27cd1e1392d19f178398e892f59062003c8998a4",
                "shasum": ""
            },
            "require": {
                "php": ">=8.1.0"
            },
            "require-dev": {
                "friendsofphp/php-cs-fixer": "^3.13",
                "phpstan/phpstan": "^1.9",
                "phpunit/phpunit": "^9"
            },
            "suggest": {
                "bacon/bacon-qr-code": "Needed for BaconQrCodeProvider provider",
                "endroid/qr-code": "Needed for EndroidQrCodeProvider"
            },
            "type": "library",
            "autoload": {
                "psr-4": {
                    "RobThree\\Auth\\": "lib"
                }
            },
            "notification-url": "https://packagist.org/downloads/",
            "license": [
                "MIT"
            ],
            "authors": [
                {
                    "name": "Rob Janssen",
                    "homepage": "http://robiii.me",
                    "role": "Developer"
                },
                {
                    "name": "Nicolas CARPi",
                    "homepage": "https://github.com/NicolasCARPi",
                    "role": "Developer"
                },
                {
                    "name": "Will Power",
                    "homepage": "https://github.com/willpower232",
                    "role": "Developer"
                }
            ],
            "description": "Two Factor Authentication",
            "homepage": "https://github.com/RobThree/TwoFactorAuth",
            "keywords": [
                "Authentication",
                "MFA",
                "Multi Factor Authentication",
                "Two Factor Authentication",
                "authenticator",
                "authy",
                "php",
                "tfa"
            ],
            "support": {
                "issues": "https://github.com/RobThree/TwoFactorAuth/issues",
                "source": "https://github.com/RobThree/TwoFactorAuth"
            },
            "funding": [
                {
                    "url": "https://paypal.me/robiii",
                    "type": "custom"
                },
                {
                    "url": "https://github.com/RobThree",
                    "type": "github"
                }
            ],
            "time": "2023-02-25T11:33:28+00:00"
        }
    ],
    "packages-dev": [],
    "aliases": [],
    "minimum-stability": "stable",
    "stability-flags": [],
    "prefer-stable": false,
    "prefer-lowest": false,
    "platform": [],
    "platform-dev": [],
    "plugin-api-version": "2.1.0"
}
