{
	"name": "@hestiacp/web-terminal-ws",
	"version": "1.0.2",
	"lockfileVersion": 3,
	"requires": true,
	"packages": {
		"": {
			"name": "@hestiacp/web-terminal-ws",
			"version": "1.0.2",
			"dependencies": {
				"node-pty": "^1.1.0",
				"ws": "^8.18.3"
			},
			"devDependencies": {
				"@types/node": "^24.10.4",
				"@types/ws": "^8.18.1"
			}
		},
		"node_modules/@types/node": {
			"version": "24.10.4",
			"resolved": "https://registry.npmjs.org/@types/node/-/node-24.10.4.tgz",
			"integrity": "sha512-vnDVpYPMzs4wunl27jHrfmwojOGKya0xyM3sH+UE5iv5uPS6vX7UIoh6m+vQc5LGBq52HBKPIn/zcSZVzeDEZg==",
			"dev": true,
			"license": "MIT",
			"dependencies": {
				"undici-types": "~7.16.0"
			}
		},
		"node_modules/@types/ws": {
			"version": "8.18.1",
			"resolved": "https://registry.npmjs.org/@types/ws/-/ws-8.18.1.tgz",
			"integrity": "sha512-ThVF6DCVhA8kUGy+aazFQ4kXQ7E1Ty7A3ypFOe0IcJV8O/M511G99AW24irKrW56Wt44yG9+ij8FaqoBGkuBXg==",
			"dev": true,
			"license": "MIT",
			"dependencies": {
				"@types/node": "*"
			}
		},
		"node_modules/node-addon-api": {
			"version": "7.1.1",
			"resolved": "https://registry.npmjs.org/node-addon-api/-/node-addon-api-7.1.1.tgz",
			"integrity": "sha512-5m3bsyrjFWE1xf7nz7YXdN4udnVtXK6/Yfgn5qnahL6bCkf2yKt4k3nuTKAtT4r3IG8JNR2ncsIMdZuAzJjHQQ==",
			"license": "MIT"
		},
		"node_modules/node-pty": {
			"version": "1.1.0",
			"resolved": "https://registry.npmjs.org/node-pty/-/node-pty-1.1.0.tgz",
			"integrity": "sha512-20JqtutY6JPXTUnL0ij1uad7Qe1baT46lyolh2sSENDd4sTzKZ4nmAFkeAARDKwmlLjPx6XKRlwRUxwjOy+lUg==",
			"hasInstallScript": true,
			"license": "MIT",
			"dependencies": {
				"node-addon-api": "^7.1.0"
			}
		},
		"node_modules/undici-types": {
			"version": "7.16.0",
			"resolved": "https://registry.npmjs.org/undici-types/-/undici-types-7.16.0.tgz",
			"integrity": "sha512-Zz+aZWSj8LE6zoxD+xrjh4VfkIG8Ya6LvYkZqtUQGJPZjYl53ypCaUwWqo7eI0x66KBGeRo+mlBEkMSeSZ38Nw==",
			"dev": true,
			"license": "MIT"
		},
		"node_modules/ws": {
			"version": "8.18.3",
			"resolved": "https://registry.npmjs.org/ws/-/ws-8.18.3.tgz",
			"integrity": "sha512-PEIGCY5tSlUt50cqyMXfCzX+oOPqN0vuGqWzbcJ2xvnkzkq46oOpz7dQaTDBdfICb4N14+GARUDw2XV2N4tvzg==",
			"license": "MIT",
			"engines": {
				"node": ">=10.0.0"
			},
			"peerDependencies": {
				"bufferutil": "^4.0.1",
				"utf-8-validate": ">=5.0.2"
			},
			"peerDependenciesMeta": {
				"bufferutil": {
					"optional": true
				},
				"utf-8-validate": {
					"optional": true
				}
			}
		}
	}
}
