{
	"name": "@hestiacp/web-terminal-ws",
	"version": "1.0.0",
	"lockfileVersion": 3,
	"requires": true,
	"packages": {
		"": {
			"name": "@hestiacp/web-terminal-ws",
			"version": "1.0.0",
			"dependencies": {
				"node-pty": "1.0.0",
				"ws": "8.13.0"
			},
			"devDependencies": {
				"@types/node": "20.4.5",
				"@types/ws": "8.5.5"
			}
		},
		"node_modules/@types/node": {
			"version": "20.4.5",
			"resolved": "https://registry.npmjs.org/@types/node/-/node-20.4.5.tgz",
			"integrity": "sha512-rt40Nk13II9JwQBdeYqmbn2Q6IVTA5uPhvSO+JVqdXw/6/4glI6oR9ezty/A9Hg5u7JH4OmYmuQ+XvjKm0Datg==",
			"dev": true
		},
		"node_modules/@types/ws": {
			"version": "8.5.5",
			"resolved": "https://registry.npmjs.org/@types/ws/-/ws-8.5.5.tgz",
			"integrity": "sha512-lwhs8hktwxSjf9UaZ9tG5M03PGogvFaH8gUgLNbN9HKIg0dvv6q+gkSuJ8HN4/VbyxkuLzCjlN7GquQ0gUJfIg==",
			"dev": true,
			"dependencies": {
				"@types/node": "*"
			}
		},
		"node_modules/nan": {
			"version": "2.17.0",
			"resolved": "https://registry.npmjs.org/nan/-/nan-2.17.0.tgz",
			"integrity": "sha512-2ZTgtl0nJsO0KQCjEpxcIr5D+Yv90plTitZt9JBfQvVJDS5seMl3FOvsh3+9CoYWXf/1l5OaZzzF6nDm4cagaQ=="
		},
		"node_modules/node-pty": {
			"version": "1.0.0",
			"resolved": "https://registry.npmjs.org/node-pty/-/node-pty-1.0.0.tgz",
			"integrity": "sha512-wtBMWWS7dFZm/VgqElrTvtfMq4GzJ6+edFI0Y0zyzygUSZMgZdraDUMUhCIvkjhJjme15qWmbyJbtAx4ot4uZA==",
			"hasInstallScript": true,
			"dependencies": {
				"nan": "^2.17.0"
			}
		},
		"node_modules/ws": {
			"version": "8.13.0",
			"resolved": "https://registry.npmjs.org/ws/-/ws-8.13.0.tgz",
			"integrity": "sha512-x9vcZYTrFPC7aSIbj7sRCYo7L/Xb8Iy+pW0ng0wt2vCJv7M9HOMy0UoN3rr+IFC7hb7vXoqS+P9ktyLLLhO+LA==",
			"engines": {
				"node": ">=10.0.0"
			},
			"peerDependencies": {
				"bufferutil": "^4.0.1",
				"utf-8-validate": ">=5.0.2"
			},
			"peerDependenciesMeta": {
				"bufferutil": {
					"optional": true
				},
				"utf-8-validate": {
					"optional": true
				}
			}
		}
	}
}
